// !$*UTF8*$!
{
	archiveVersion = 1;
	classes = {
	};
	objectVersion = 46;
	objects = {

/* Begin PBXBuildFile section */
		1D3623260D0F684500981E51 /* BurnMoneyAppDelegate.m in Sources */ = {isa = PBXBuildFile; fileRef = 1D3623250D0F684500981E51 /* BurnMoneyAppDelegate.m */; };
		1D60589B0D05DD56006BFB54 /* main.m in Sources */ = {isa = PBXBuildFile; fileRef = 29B97316FDCFA39411CA2CEA /* main.m */; };
		1D60589F0D05DD5A006BFB54 /* Foundation.framework in Frameworks */ = {isa = PBXBuildFile; fileRef = 1D30AB110D05D00D00671497 /* Foundation.framework */; };
		1DF5F4E00D08C38300B7A737 /* UIKit.framework in Frameworks */ = {isa = PBXBuildFile; fileRef = 1DF5F4DF0D08C38300B7A737 /* UIKit.framework */; };
		288765A50DF7441C002DB57D /* CoreGraphics.framework in Frameworks */ = {isa = PBXBuildFile; fileRef = 288765A40DF7441C002DB57D /* CoreGraphics.framework */; };
		2899E5220DE3E06400AC0155 /* BurnMoneyViewController.xib in Resources */ = {isa = PBXBuildFile; fileRef = 2899E5210DE3E06400AC0155 /* BurnMoneyViewController.xib */; };
		28AD733F0D9D9553002E5188 /* MainWindow.xib in Resources */ = {isa = PBXBuildFile; fileRef = 28AD733E0D9D9553002E5188 /* MainWindow.xib */; };
		28D7ACF80DDB3853001CB0EB /* BurnMoneyViewController.m in Sources */ = {isa = PBXBuildFile; fileRef = 28D7ACF70DDB3853001CB0EB /* BurnMoneyViewController.m */; };
		8807364013D8FBC100918D4B /* fieryCell.png in Resources */ = {isa = PBXBuildFile; fileRef = 8807363F13D8FBC100918D4B /* fieryCell.png */; };
		8807364213D8FC1600918D4B /* fieryCell2.png in Resources */ = {isa = PBXBuildFile; fileRef = 8807364113D8FC1600918D4B /* fieryCell2.png */; };
		883B02E0130B16A7004B11E3 /* 1.jpg in Resources */ = {isa = PBXBuildFile; fileRef = 883B02DB130B16A7004B11E3 /* 1.jpg */; };
		883B02E1130B16A7004B11E3 /* 100.jpg in Resources */ = {isa = PBXBuildFile; fileRef = 883B02DC130B16A7004B11E3 /* 100.jpg */; };
		883B02E2130B16A7004B11E3 /* 1000.jpg in Resources */ = {isa = PBXBuildFile; fileRef = 883B02DD130B16A7004B11E3 /* 1000.jpg */; };
		883B02E3130B16A7004B11E3 /* 20.jpg in Resources */ = {isa = PBXBuildFile; fileRef = 883B02DE130B16A7004B11E3 /* 20.jpg */; };
		883B02E4130B16A7004B11E3 /* 5.jpg in Resources */ = {isa = PBXBuildFile; fileRef = 883B02DF130B16A7004B11E3 /* 5.jpg */; };
		883B03B5130B4A0F004B11E3 /* StoreKit.framework in Frameworks */ = {isa = PBXBuildFile; fileRef = 883B03B4130B4A0F004B11E3 /* StoreKit.framework */; };
		88423E7113D8D9E20028FC47 /* rounded-corners.png in Resources */ = {isa = PBXBuildFile; fileRef = 88423E7013D8D9E20028FC47 /* rounded-corners.png */; };
		8868702413D9E5D100AA932D /* loading.png in Resources */ = {isa = PBXBuildFile; fileRef = 8868702313D9E5D100AA932D /* loading.png */; };
		88EB78F912EFE3470019ADDB /* Fire1.gif in Resources */ = {isa = PBXBuildFile; fileRef = 88EB78E812EFE3470019ADDB /* Fire1.gif */; };
		88EB78FA12EFE3470019ADDB /* Fire10.gif in Resources */ = {isa = PBXBuildFile; fileRef = 88EB78E912EFE3470019ADDB /* Fire10.gif */; };
		88EB78FB12EFE3470019ADDB /* Fire11.gif in Resources */ = {isa = PBXBuildFile; fileRef = 88EB78EA12EFE3470019ADDB /* Fire11.gif */; };
		88EB78FC12EFE3470019ADDB /* Fire12.gif in Resources */ = {isa = PBXBuildFile; fileRef = 88EB78EB12EFE3470019ADDB /* Fire12.gif */; };
		88EB78FD12EFE3470019ADDB /* Fire13.gif in Resources */ = {isa = PBXBuildFile; fileRef = 88EB78EC12EFE3470019ADDB /* Fire13.gif */; };
		88EB78FE12EFE3470019ADDB /* Fire14.gif in Resources */ = {isa = PBXBuildFile; fileRef = 88EB78ED12EFE3470019ADDB /* Fire14.gif */; };
		88EB78FF12EFE3470019ADDB /* Fire15.gif in Resources */ = {isa = PBXBuildFile; fileRef = 88EB78EE12EFE3470019ADDB /* Fire15.gif */; };
		88EB790012EFE3470019ADDB /* Fire16.gif in Resources */ = {isa = PBXBuildFile; fileRef = 88EB78EF12EFE3470019ADDB /* Fire16.gif */; };
		88EB790112EFE3470019ADDB /* Fire17.gif in Resources */ = {isa = PBXBuildFile; fileRef = 88EB78F012EFE3470019ADDB /* Fire17.gif */; };
		88EB790212EFE3470019ADDB /* Fire2.gif in Resources */ = {isa = PBXBuildFile; fileRef = 88EB78F112EFE3470019ADDB /* Fire2.gif */; };
		88EB790312EFE3470019ADDB /* Fire3.gif in Resources */ = {isa = PBXBuildFile; fileRef = 88EB78F212EFE3470019ADDB /* Fire3.gif */; };
		88EB790412EFE3470019ADDB /* Fire4.gif in Resources */ = {isa = PBXBuildFile; fileRef = 88EB78F312EFE3470019ADDB /* Fire4.gif */; };
		88EB790512EFE3470019ADDB /* Fire5.gif in Resources */ = {isa = PBXBuildFile; fileRef = 88EB78F412EFE3470019ADDB /* Fire5.gif */; };
		88EB790612EFE3470019ADDB /* Fire6.gif in Resources */ = {isa = PBXBuildFile; fileRef = 88EB78F512EFE3470019ADDB /* Fire6.gif */; };
		88EB790712EFE3470019ADDB /* Fire7.gif in Resources */ = {isa = PBXBuildFile; fileRef = 88EB78F612EFE3470019ADDB /* Fire7.gif */; };
		88EB790812EFE3470019ADDB /* Fire8.gif in Resources */ = {isa = PBXBuildFile; fileRef = 88EB78F712EFE3470019ADDB /* Fire8.gif */; };
		88EB790912EFE3470019ADDB /* Fire9.gif in Resources */ = {isa = PBXBuildFile; fileRef = 88EB78F812EFE3470019ADDB /* Fire9.gif */; };
		88EB792812EFE48B0019ADDB /* burn57.png in Resources */ = {isa = PBXBuildFile; fileRef = 88EB792712EFE48B0019ADDB /* burn57.png */; };
/* End PBXBuildFile section */

/* Begin PBXFileReference section */
		1D30AB110D05D00D00671497 /* Foundation.framework */ = {isa = PBXFileReference; lastKnownFileType = wrapper.framework; name = Foundation.framework; path = System/Library/Frameworks/Foundation.framework; sourceTree = SDKROOT; };
		1D3623240D0F684500981E51 /* BurnMoneyAppDelegate.h */ = {isa = PBXFileReference; fileEncoding = 4; lastKnownFileType = sourcecode.c.h; path = BurnMoneyAppDelegate.h; sourceTree = "<group>"; };
		1D3623250D0F684500981E51 /* BurnMoneyAppDelegate.m */ = {isa = PBXFileReference; fileEncoding = 4; lastKnownFileType = sourcecode.c.objc; path = BurnMoneyAppDelegate.m; sourceTree = "<group>"; };
		1D6058910D05DD3D006BFB54 /* BurnMoney.app */ = {isa = PBXFileReference; explicitFileType = wrapper.application; includeInIndex = 0; path = BurnMoney.app; sourceTree = BUILT_PRODUCTS_DIR; };
		1DF5F4DF0D08C38300B7A737 /* UIKit.framework */ = {isa = PBXFileReference; lastKnownFileType = wrapper.framework; name = UIKit.framework; path = System/Library/Frameworks/UIKit.framework; sourceTree = SDKROOT; };
		288765A40DF7441C002DB57D /* CoreGraphics.framework */ = {isa = PBXFileReference; lastKnownFileType = wrapper.framework; name = CoreGraphics.framework; path = System/Library/Frameworks/CoreGraphics.framework; sourceTree = SDKROOT; };
		2899E5210DE3E06400AC0155 /* BurnMoneyViewController.xib */ = {isa = PBXFileReference; lastKnownFileType = file.xib; path = BurnMoneyViewController.xib; sourceTree = "<group>"; };
		28AD733E0D9D9553002E5188 /* MainWindow.xib */ = {isa = PBXFileReference; lastKnownFileType = file.xib; path = MainWindow.xib; sourceTree = "<group>"; };
		28D7ACF60DDB3853001CB0EB /* BurnMoneyViewController.h */ = {isa = PBXFileReference; fileEncoding = 4; lastKnownFileType = sourcecode.c.h; path = BurnMoneyViewController.h; sourceTree = "<group>"; };
		28D7ACF70DDB3853001CB0EB /* BurnMoneyViewController.m */ = {isa = PBXFileReference; fileEncoding = 4; lastKnownFileType = sourcecode.c.objc; path = BurnMoneyViewController.m; sourceTree = "<group>"; };
		29B97316FDCFA39411CA2CEA /* main.m */ = {isa = PBXFileReference; fileEncoding = 4; lastKnownFileType = sourcecode.c.objc; path = main.m; sourceTree = "<group>"; };
		32CA4F630368D1EE00C91783 /* BurnMoney_Prefix.pch */ = {isa = PBXFileReference; fileEncoding = 4; lastKnownFileType = sourcecode.c.h; path = BurnMoney_Prefix.pch; sourceTree = "<group>"; };
		8807363F13D8FBC100918D4B /* fieryCell.png */ = {isa = PBXFileReference; lastKnownFileType = image.png; name = fieryCell.png; path = "fire gifs/fieryCell.png"; sourceTree = "<group>"; };
		8807364113D8FC1600918D4B /* fieryCell2.png */ = {isa = PBXFileReference; lastKnownFileType = image.png; path = fieryCell2.png; sourceTree = "<group>"; };
		883B02DB130B16A7004B11E3 /* 1.jpg */ = {isa = PBXFileReference; lastKnownFileType = image.jpeg; path = 1.jpg; sourceTree = "<group>"; };
		883B02DC130B16A7004B11E3 /* 100.jpg */ = {isa = PBXFileReference; lastKnownFileType = image.jpeg; path = 100.jpg; sourceTree = "<group>"; };
		883B02DD130B16A7004B11E3 /* 1000.jpg */ = {isa = PBXFileReference; lastKnownFileType = image.jpeg; path = 1000.jpg; sourceTree = "<group>"; };
		883B02DE130B16A7004B11E3 /* 20.jpg */ = {isa = PBXFileReference; lastKnownFileType = image.jpeg; path = 20.jpg; sourceTree = "<group>"; };
		883B02DF130B16A7004B11E3 /* 5.jpg */ = {isa = PBXFileReference; lastKnownFileType = image.jpeg; path = 5.jpg; sourceTree = "<group>"; };
		883B03B4130B4A0F004B11E3 /* StoreKit.framework */ = {isa = PBXFileReference; lastKnownFileType = wrapper.framework; name = StoreKit.framework; path = System/Library/Frameworks/StoreKit.framework; sourceTree = SDKROOT; };
		88423E7013D8D9E20028FC47 /* rounded-corners.png */ = {isa = PBXFileReference; lastKnownFileType = image.png; path = "rounded-corners.png"; sourceTree = "<group>"; };
		8868702313D9E5D100AA932D /* loading.png */ = {isa = PBXFileReference; lastKnownFileType = image.png; path = loading.png; sourceTree = "<group>"; };
		88EB78E812EFE3470019ADDB /* Fire1.gif */ = {isa = PBXFileReference; lastKnownFileType = image.gif; path = Fire1.gif; sourceTree = "<group>"; };
		88EB78E912EFE3470019ADDB /* Fire10.gif */ = {isa = PBXFileReference; lastKnownFileType = image.gif; path = Fire10.gif; sourceTree = "<group>"; };
		88EB78EA12EFE3470019ADDB /* Fire11.gif */ = {isa = PBXFileReference; lastKnownFileType = image.gif; path = Fire11.gif; sourceTree = "<group>"; };
		88EB78EB12EFE3470019ADDB /* Fire12.gif */ = {isa = PBXFileReference; lastKnownFileType = image.gif; path = Fire12.gif; sourceTree = "<group>"; };
		88EB78EC12EFE3470019ADDB /* Fire13.gif */ = {isa = PBXFileReference; lastKnownFileType = image.gif; path = Fire13.gif; sourceTree = "<group>"; };
		88EB78ED12EFE3470019ADDB /* Fire14.gif */ = {isa = PBXFileReference; lastKnownFileType = image.gif; path = Fire14.gif; sourceTree = "<group>"; };
		88EB78EE12EFE3470019ADDB /* Fire15.gif */ = {isa = PBXFileReference; lastKnownFileType = image.gif; path = Fire15.gif; sourceTree = "<group>"; };
		88EB78EF12EFE3470019ADDB /* Fire16.gif */ = {isa = PBXFileReference; lastKnownFileType = image.gif; path = Fire16.gif; sourceTree = "<group>"; };
		88EB78F012EFE3470019ADDB /* Fire17.gif */ = {isa = PBXFileReference; lastKnownFileType = image.gif; path = Fire17.gif; sourceTree = "<group>"; };
		88EB78F112EFE3470019ADDB /* Fire2.gif */ = {isa = PBXFileReference; lastKnownFileType = image.gif; path = Fire2.gif; sourceTree = "<group>"; };
		88EB78F212EFE3470019ADDB /* Fire3.gif */ = {isa = PBXFileReference; lastKnownFileType = image.gif; path = Fire3.gif; sourceTree = "<group>"; };
		88EB78F312EFE3470019ADDB /* Fire4.gif */ = {isa = PBXFileReference; lastKnownFileType = image.gif; path = Fire4.gif; sourceTree = "<group>"; };
		88EB78F412EFE3470019ADDB /* Fire5.gif */ = {isa = PBXFileReference; lastKnownFileType = image.gif; path = Fire5.gif; sourceTree = "<group>"; };
		88EB78F512EFE3470019ADDB /* Fire6.gif */ = {isa = PBXFileReference; lastKnownFileType = image.gif; path = Fire6.gif; sourceTree = "<group>"; };
		88EB78F612EFE3470019ADDB /* Fire7.gif */ = {isa = PBXFileReference; lastKnownFileType = image.gif; path = Fire7.gif; sourceTree = "<group>"; };
		88EB78F712EFE3470019ADDB /* Fire8.gif */ = {isa = PBXFileReference; lastKnownFileType = image.gif; path = Fire8.gif; sourceTree = "<group>"; };
		88EB78F812EFE3470019ADDB /* Fire9.gif */ = {isa = PBXFileReference; lastKnownFileType = image.gif; path = Fire9.gif; sourceTree = "<group>"; };
		88EB792712EFE48B0019ADDB /* burn57.png */ = {isa = PBXFileReference; lastKnownFileType = image.png; path = burn57.png; sourceTree = "<group>"; };
		8D1107310486CEB800E47090 /* BurnMoney-Info.plist */ = {isa = PBXFileReference; fileEncoding = 4; lastKnownFileType = text.plist.xml; path = "BurnMoney-Info.plist"; plistStructureDefinitionIdentifier = "com.apple.xcode.plist.structure-definition.iphone.info-plist"; sourceTree = "<group>"; };
/* End PBXFileReference section */

/* Begin PBXFrameworksBuildPhase section */
		1D60588F0D05DD3D006BFB54 /* Frameworks */ = {
			isa = PBXFrameworksBuildPhase;
			buildActionMask = 2147483647;
			files = (
				883B03B5130B4A0F004B11E3 /* StoreKit.framework in Frameworks */,
				1D60589F0D05DD5A006BFB54 /* Foundation.framework in Frameworks */,
				1DF5F4E00D08C38300B7A737 /* UIKit.framework in Frameworks */,
				288765A50DF7441C002DB57D /* CoreGraphics.framework in Frameworks */,
			);
			runOnlyForDeploymentPostprocessing = 0;
		};
/* End PBXFrameworksBuildPhase section */

/* Begin PBXGroup section */
		080E96DDFE201D6D7F000001 /* Classes */ = {
			isa = PBXGroup;
			children = (
				1D3623240D0F684500981E51 /* BurnMoneyAppDelegate.h */,
				1D3623250D0F684500981E51 /* BurnMoneyAppDelegate.m */,
				28D7ACF60DDB3853001CB0EB /* BurnMoneyViewController.h */,
				28D7ACF70DDB3853001CB0EB /* BurnMoneyViewController.m */,
			);
			path = Classes;
			sourceTree = "<group>";
		};
		19C28FACFE9D520D11CA2CBB /* Products */ = {
			isa = PBXGroup;
			children = (
				1D6058910D05DD3D006BFB54 /* BurnMoney.app */,
			);
			name = Products;
			sourceTree = "<group>";
		};
		29B97314FDCFA39411CA2CEA /* CustomTemplate */ = {
			isa = PBXGroup;
			children = (
				080E96DDFE201D6D7F000001 /* Classes */,
				29B97315FDCFA39411CA2CEA /* Other Sources */,
				29B97317FDCFA39411CA2CEA /* Resources */,
				29B97323FDCFA39411CA2CEA /* Frameworks */,
				19C28FACFE9D520D11CA2CBB /* Products */,
			);
			name = CustomTemplate;
			sourceTree = "<group>";
		};
		29B97315FDCFA39411CA2CEA /* Other Sources */ = {
			isa = PBXGroup;
			children = (
				32CA4F630368D1EE00C91783 /* BurnMoney_Prefix.pch */,
				29B97316FDCFA39411CA2CEA /* main.m */,
			);
			name = "Other Sources";
			sourceTree = "<group>";
		};
		29B97317FDCFA39411CA2CEA /* Resources */ = {
			isa = PBXGroup;
			children = (
				8868702313D9E5D100AA932D /* loading.png */,
				88423E7013D8D9E20028FC47 /* rounded-corners.png */,
				8807363F13D8FBC100918D4B /* fieryCell.png */,
				883B02DA130B16A7004B11E3 /* bills */,
				88EB78E712EFE3470019ADDB /* fire gifs */,
				2899E5210DE3E06400AC0155 /* BurnMoneyViewController.xib */,
				8807364113D8FC1600918D4B /* fieryCell2.png */,
				88EB792712EFE48B0019ADDB /* burn57.png */,
				28AD733E0D9D9553002E5188 /* MainWindow.xib */,
				8D1107310486CEB800E47090 /* BurnMoney-Info.plist */,
			);
			name = Resources;
			sourceTree = "<group>";
		};
		29B97323FDCFA39411CA2CEA /* Frameworks */ = {
			isa = PBXGroup;
			children = (
				1DF5F4DF0D08C38300B7A737 /* UIKit.framework */,
				1D30AB110D05D00D00671497 /* Foundation.framework */,
				288765A40DF7441C002DB57D /* CoreGraphics.framework */,
				883B03B4130B4A0F004B11E3 /* StoreKit.framework */,
			);
			name = Frameworks;
			sourceTree = "<group>";
		};
		883B02DA130B16A7004B11E3 /* bills */ = {
			isa = PBXGroup;
			children = (
				883B02DB130B16A7004B11E3 /* 1.jpg */,
				883B02DC130B16A7004B11E3 /* 100.jpg */,
				883B02DD130B16A7004B11E3 /* 1000.jpg */,
				883B02DE130B16A7004B11E3 /* 20.jpg */,
				883B02DF130B16A7004B11E3 /* 5.jpg */,
			);
			path = bills;
			sourceTree = "<group>";
		};
		88EB78E712EFE3470019ADDB /* fire gifs */ = {
			isa = PBXGroup;
			children = (
				88EB78E812EFE3470019ADDB /* Fire1.gif */,
				88EB78E912EFE3470019ADDB /* Fire10.gif */,
				88EB78EA12EFE3470019ADDB /* Fire11.gif */,
				88EB78EB12EFE3470019ADDB /* Fire12.gif */,
				88EB78EC12EFE3470019ADDB /* Fire13.gif */,
				88EB78ED12EFE3470019ADDB /* Fire14.gif */,
				88EB78EE12EFE3470019ADDB /* Fire15.gif */,
				88EB78EF12EFE3470019ADDB /* Fire16.gif */,
				88EB78F012EFE3470019ADDB /* Fire17.gif */,
				88EB78F112EFE3470019ADDB /* Fire2.gif */,
				88EB78F212EFE3470019ADDB /* Fire3.gif */,
				88EB78F312EFE3470019ADDB /* Fire4.gif */,
				88EB78F412EFE3470019ADDB /* Fire5.gif */,
				88EB78F512EFE3470019ADDB /* Fire6.gif */,
				88EB78F612EFE3470019ADDB /* Fire7.gif */,
				88EB78F712EFE3470019ADDB /* Fire8.gif */,
				88EB78F812EFE3470019ADDB /* Fire9.gif */,
			);
			path = "fire gifs";
			sourceTree = "<group>";
		};
/* End PBXGroup section */

/* Begin PBXNativeTarget section */
		1D6058900D05DD3D006BFB54 /* BurnMoney */ = {
			isa = PBXNativeTarget;
			buildConfigurationList = 1D6058960D05DD3E006BFB54 /* Build configuration list for PBXNativeTarget "BurnMoney" */;
			buildPhases = (
				1D60588D0D05DD3D006BFB54 /* Resources */,
				1D60588E0D05DD3D006BFB54 /* Sources */,
				1D60588F0D05DD3D006BFB54 /* Frameworks */,
			);
			buildRules = (
			);
			dependencies = (
			);
			name = BurnMoney;
			productName = BurnMoney;
			productReference = 1D6058910D05DD3D006BFB54 /* BurnMoney.app */;
			productType = "com.apple.product-type.application";
		};
/* End PBXNativeTarget section */

/* Begin PBXProject section */
		29B97313FDCFA39411CA2CEA /* Project object */ = {
			isa = PBXProject;
			attributes = {
				LastUpgradeCheck = 0410;
			};
			buildConfigurationList = C01FCF4E08A954540054247B /* Build configuration list for PBXProject "BurnMoney" */;
			compatibilityVersion = "Xcode 3.2";
			developmentRegion = English;
			hasScannedForEncodings = 1;
			knownRegions = (
				English,
				Japanese,
				French,
				German,
			);
			mainGroup = 29B97314FDCFA39411CA2CEA /* CustomTemplate */;
			projectDirPath = "";
			projectRoot = "";
			targets = (
				1D6058900D05DD3D006BFB54 /* BurnMoney */,
			);
		};
/* End PBXProject section */

/* Begin PBXResourcesBuildPhase section */
		1D60588D0D05DD3D006BFB54 /* Resources */ = {
			isa = PBXResourcesBuildPhase;
			buildActionMask = 2147483647;
			files = (
				28AD733F0D9D9553002E5188 /* MainWindow.xib in Resources */,
				2899E5220DE3E06400AC0155 /* BurnMoneyViewController.xib in Resources */,
				88EB78F912EFE3470019ADDB /* Fire1.gif in Resources */,
				88EB78FA12EFE3470019ADDB /* Fire10.gif in Resources */,
				88EB78FB12EFE3470019ADDB /* Fire11.gif in Resources */,
				88EB78FC12EFE3470019ADDB /* Fire12.gif in Resources */,
				88EB78FD12EFE3470019ADDB /* Fire13.gif in Resources */,
				88EB78FE12EFE3470019ADDB /* Fire14.gif in Resources */,
				88EB78FF12EFE3470019ADDB /* Fire15.gif in Resources */,
				88EB790012EFE3470019ADDB /* Fire16.gif in Resources */,
				88EB790112EFE3470019ADDB /* Fire17.gif in Resources */,
				88EB790212EFE3470019ADDB /* Fire2.gif in Resources */,
				88EB790312EFE3470019ADDB /* Fire3.gif in Resources */,
				88EB790412EFE3470019ADDB /* Fire4.gif in Resources */,
				88EB790512EFE3470019ADDB /* Fire5.gif in Resources */,
				88EB790612EFE3470019ADDB /* Fire6.gif in Resources */,
				88EB790712EFE3470019ADDB /* Fire7.gif in Resources */,
				88EB790812EFE3470019ADDB /* Fire8.gif in Resources */,
				88EB790912EFE3470019ADDB /* Fire9.gif in Resources */,
				88EB792812EFE48B0019ADDB /* burn57.png in Resources */,
				883B02E0130B16A7004B11E3 /* 1.jpg in Resources */,
				883B02E1130B16A7004B11E3 /* 100.jpg in Resources */,
				883B02E2130B16A7004B11E3 /* 1000.jpg in Resources */,
				883B02E3130B16A7004B11E3 /* 20.jpg in Resources */,
				883B02E4130B16A7004B11E3 /* 5.jpg in Resources */,
				88423E7113D8D9E20028FC47 /* rounded-corners.png in Resources */,
				8807364013D8FBC100918D4B /* fieryCell.png in Resources */,
				8807364213D8FC1600918D4B /* fieryCell2.png in Resources */,
				8868702413D9E5D100AA932D /* loading.png in Resources */,
			);
			runOnlyForDeploymentPostprocessing = 0;
		};
/* End PBXResourcesBuildPhase section */

/* Begin PBXSourcesBuildPhase section */
		1D60588E0D05DD3D006BFB54 /* Sources */ = {
			isa = PBXSourcesBuildPhase;
			buildActionMask = 2147483647;
			files = (
				1D60589B0D05DD56006BFB54 /* main.m in Sources */,
				1D3623260D0F684500981E51 /* BurnMoneyAppDelegate.m in Sources */,
				28D7ACF80DDB3853001CB0EB /* BurnMoneyViewController.m in Sources */,
			);
			runOnlyForDeploymentPostprocessing = 0;
		};
/* End PBXSourcesBuildPhase section */

/* Begin XCBuildConfiguration section */
		1D6058940D05DD3E006BFB54 /* Debug */ = {
			isa = XCBuildConfiguration;
			buildSettings = {
				ALWAYS_SEARCH_USER_PATHS = NO;
				"CODE_SIGN_IDENTITY[sdk=iphoneos*]" = "iPhone Developer: Jesse Daugherty (Z6X95Y4CRU)";
				COPY_PHASE_STRIP = NO;
				GCC_DYNAMIC_NO_PIC = NO;
				GCC_OPTIMIZATION_LEVEL = 0;
				GCC_PRECOMPILE_PREFIX_HEADER = YES;
				GCC_PREFIX_HEADER = BurnMoney_Prefix.pch;
				GCC_VERSION = com.apple.compilers.llvmgcc42;
				INFOPLIST_FILE = "BurnMoney-Info.plist";
				PRODUCT_NAME = BurnMoney;
				"PROVISIONING_PROFILE[sdk=iphoneos*]" = "69DB586C-EF22-4D83-9449-A1E9A2810692";
			};
			name = Debug;
		};
		1D6058950D05DD3E006BFB54 /* Release */ = {
			isa = XCBuildConfiguration;
			buildSettings = {
				ALWAYS_SEARCH_USER_PATHS = NO;
				COPY_PHASE_STRIP = YES;
				GCC_PRECOMPILE_PREFIX_HEADER = YES;
				GCC_PREFIX_HEADER = BurnMoney_Prefix.pch;
				GCC_VERSION = com.apple.compilers.llvmgcc42;
				INFOPLIST_FILE = "BurnMoney-Info.plist";
				PRODUCT_NAME = BurnMoney;
				VALIDATE_PRODUCT = YES;
			};
			name = Release;
		};
		C01FCF4F08A954540054247B /* Debug */ = {
			isa = XCBuildConfiguration;
			buildSettings = {
				ARCHS = "$(ARCHS_STANDARD_32_BIT)";
				"CODE_SIGN_IDENTITY[sdk=iphoneos*]" = "iPhone Developer: Jesse Daugherty (Z6X95Y4CRU)";
				GCC_C_LANGUAGE_STANDARD = c99;
				GCC_WARN_ABOUT_RETURN_TYPE = YES;
				GCC_WARN_UNUSED_VARIABLE = YES;
				IPHONEOS_DEPLOYMENT_TARGET = 3.2;
				"PROVISIONING_PROFILE[sdk=iphoneos*]" = "69DB586C-EF22-4D83-9449-A1E9A2810692";
				SDKROOT = iphoneos;
			};
			name = Debug;
		};
		C01FCF5008A954540054247B /* Release */ = {
			isa = XCBuildConfiguration;
			buildSettings = {
				ARCHS = "$(ARCHS_STANDARD_32_BIT)";
				"CODE_SIGN_IDENTITY[sdk=iphoneos*]" = "iPhone Distribution: Jesse Daugherty";
				GCC_C_LANGUAGE_STANDARD = c99;
				GCC_WARN_ABOUT_RETURN_TYPE = YES;
				GCC_WARN_UNUSED_VARIABLE = YES;
				IPHONEOS_DEPLOYMENT_TARGET = 3.2;
				OTHER_CFLAGS = "-DNS_BLOCK_ASSERTIONS=1";
				"PROVISIONING_PROFILE[sdk=iphoneos*]" = "B8D59D7E-BDAA-4B6E-8484-B83EACDF5AF4";
				SDKROOT = iphoneos;
			};
			name = Release;
		};
/* End XCBuildConfiguration section */

/* Begin XCConfigurationList section */
		1D6058960D05DD3E006BFB54 /* Build configuration list for PBXNativeTarget "BurnMoney" */ = {
			isa = XCConfigurationList;
			buildConfigurations = (
				1D6058940D05DD3E006BFB54 /* Debug */,
				1D6058950D05DD3E006BFB54 /* Release */,
			);
			defaultConfigurationIsVisible = 0;
			defaultConfigurationName = Release;
		};
		C01FCF4E08A954540054247B /* Build configuration list for PBXProject "BurnMoney" */ = {
			isa = XCConfigurationList;
			buildConfigurations = (
				C01FCF4F08A954540054247B /* Debug */,
				C01FCF5008A954540054247B /* Release */,
			);
			defaultConfigurationIsVisible = 0;
			defaultConfigurationName = Release;
		};
/* End XCConfigurationList section */
	};
	rootObject = 29B97313FDCFA39411CA2CEA /* Project object */;
}
